{
    "name": "nirvana",
    "version": "0.1.0",
    "lockfileVersion": 1,
    "requires": true,
    "dependencies": {
        "@imagine-developer/utopia-forms": {
            "version": "0.2.2",
            "resolved": "https://registry.npmjs.org/@imagine-developer/utopia-forms/-/utopia-forms-0.2.2.tgz",
            "integrity": "sha512-qyG4bkgBrHJcPeW4mySLVKtwid9Gv5hfSi0huccmZeiy9F5P/MzU/XZk2ph/5g7wf2hyCX3vE+gqGK5OlxYzLA=="
        }
    }
}
